
Microsoft Visual Studio Solution File, Format Version 12.00
# Visual Studio Version 17
VisualStudioVersion = 17.12.35514.174
MinimumVisualStudioVersion = 10.0.40219.1
Project("{FAE04EC0-301F-11D3-BF4B-00C04F79EFBC}") = "BlogTecnicaAPI", "BlogTecnicaAPI.csproj", "{229A71F5-7A2A-44E5-89AC-0F28A9F6D226}"
EndProject
Project("{FAE04EC0-301F-11D3-BF4B-00C04F79EFBC}") = "Datos", "..\Datos\Datos.csproj", "{58943AD0-025A-4A9B-8213-100EEEA25D4E}"
EndProject
Global
	GlobalSection(SolutionConfigurationPlatforms) = preSolution
		Debug|Any CPU = Debug|Any CPU
		Release|Any CPU = Release|Any CPU
	EndGlobalSection
	GlobalSection(ProjectConfigurationPlatforms) = postSolution
		{229A71F5-7A2A-44E5-89AC-0F28A9F6D226}.Debug|Any CPU.ActiveCfg = Debug|Any CPU
		{229A71F5-7A2A-44E5-89AC-0F28A9F6D226}.Debug|Any CPU.Build.0 = Debug|Any CPU
		{229A71F5-7A2A-44E5-89AC-0F28A9F6D226}.Release|Any CPU.ActiveCfg = Release|Any CPU
		{229A71F5-7A2A-44E5-89AC-0F28A9F6D226}.Release|Any CPU.Build.0 = Release|Any CPU
		{58943AD0-025A-4A9B-8213-100EEEA25D4E}.Debug|Any CPU.ActiveCfg = Debug|Any CPU
		{58943AD0-025A-4A9B-8213-100EEEA25D4E}.Debug|Any CPU.Build.0 = Debug|Any CPU
		{58943AD0-025A-4A9B-8213-100EEEA25D4E}.Release|Any CPU.ActiveCfg = Release|Any CPU
		{58943AD0-025A-4A9B-8213-100EEEA25D4E}.Release|Any CPU.Build.0 = Release|Any CPU
	EndGlobalSection
	GlobalSection(SolutionProperties) = preSolution
		HideSolutionNode = FALSE
	EndGlobalSection
EndGlobal
